
Microsoft Visual Studio Solution File, Format Version 12.00
# Visual Studio 15
VisualStudioVersion = 15.0.27703.2026
MinimumVisualStudioVersion = 10.0.40219.1
Project("{FAE04EC0-301F-11D3-BF4B-00C04F79EFBC}") = "ReleasePipeDemoApp", "ReleasePipeDemoApp\ReleasePipeDemoApp.csproj", "{EB8C7474-9032-4C64-9E5A-631C8730CABF}"
EndProject
Project("{FAE04EC0-301F-11D3-BF4B-00C04F79EFBC}") = "ReleasePipeDemoApp.Tests", "ReleasePipeDemoApp.Tests\ReleasePipeDemoApp.Tests.csproj", "{742393D4-304A-4A47-B482-16E98B72328F}"
EndProject
Global
	GlobalSection(SolutionConfigurationPlatforms) = preSolution
		Debug|Any CPU = Debug|Any CPU
		Release|Any CPU = Release|Any CPU
	EndGlobalSection
	GlobalSection(ProjectConfigurationPlatforms) = postSolution
		{EB8C7474-9032-4C64-9E5A-631C8730CABF}.Debug|Any CPU.ActiveCfg = Debug|Any CPU
		{EB8C7474-9032-4C64-9E5A-631C8730CABF}.Debug|Any CPU.Build.0 = Debug|Any CPU
		{EB8C7474-9032-4C64-9E5A-631C8730CABF}.Release|Any CPU.ActiveCfg = Release|Any CPU
		{EB8C7474-9032-4C64-9E5A-631C8730CABF}.Release|Any CPU.Build.0 = Release|Any CPU
		{742393D4-304A-4A47-B482-16E98B72328F}.Debug|Any CPU.ActiveCfg = Debug|Any CPU
		{742393D4-304A-4A47-B482-16E98B72328F}.Debug|Any CPU.Build.0 = Debug|Any CPU
		{742393D4-304A-4A47-B482-16E98B72328F}.Release|Any CPU.ActiveCfg = Release|Any CPU
		{742393D4-304A-4A47-B482-16E98B72328F}.Release|Any CPU.Build.0 = Release|Any CPU
	EndGlobalSection
	GlobalSection(SolutionProperties) = preSolution
		HideSolutionNode = FALSE
	EndGlobalSection
	GlobalSection(ExtensibilityGlobals) = postSolution
		SolutionGuid = {CDE9D269-FCBA-4071-B171-8C23E6C3E68B}
	EndGlobalSection
EndGlobal
